
Microsoft Visual Studio Solution File, Format Version 12.00
# Visual Studio Version 17
VisualStudioVersion = 17.6.33829.357
MinimumVisualStudioVersion = 10.0.40219.1
Project("{FAE04EC0-301F-11D3-BF4B-00C04F79EFBC}") = "LazyApiPack.Fluid.Showcase", "LazyApiPack.Fluid.Showcase\LazyApiPack.Fluid.Showcase.csproj", "{EEB284CE-361E-4C8F-900B-EF6A29E5571B}"
EndProject
Project("{FAE04EC0-301F-11D3-BF4B-00C04F79EFBC}") = "LazyApiPack.Fluid", "LazyApiPack.Fluid\LazyApiPack.Fluid.csproj", "{2975BBE9-9F80-4281-AABF-3087687874A3}"
EndProject
Global
	GlobalSection(SolutionConfigurationPlatforms) = preSolution
		Debug|Any CPU = Debug|Any CPU
		Release|Any CPU = Release|Any CPU
	EndGlobalSection
	GlobalSection(ProjectConfigurationPlatforms) = postSolution
		{EEB284CE-361E-4C8F-900B-EF6A29E5571B}.Debug|Any CPU.ActiveCfg = Debug|Any CPU
		{EEB284CE-361E-4C8F-900B-EF6A29E5571B}.Debug|Any CPU.Build.0 = Debug|Any CPU
		{EEB284CE-361E-4C8F-900B-EF6A29E5571B}.Release|Any CPU.ActiveCfg = Release|Any CPU
		{EEB284CE-361E-4C8F-900B-EF6A29E5571B}.Release|Any CPU.Build.0 = Release|Any CPU
		{2975BBE9-9F80-4281-AABF-3087687874A3}.Debug|Any CPU.ActiveCfg = Debug|Any CPU
		{2975BBE9-9F80-4281-AABF-3087687874A3}.Debug|Any CPU.Build.0 = Debug|Any CPU
		{2975BBE9-9F80-4281-AABF-3087687874A3}.Release|Any CPU.ActiveCfg = Release|Any CPU
		{2975BBE9-9F80-4281-AABF-3087687874A3}.Release|Any CPU.Build.0 = Release|Any CPU
	EndGlobalSection
	GlobalSection(SolutionProperties) = preSolution
		HideSolutionNode = FALSE
	EndGlobalSection
	GlobalSection(ExtensibilityGlobals) = postSolution
		SolutionGuid = {6AA79E50-5B68-4B89-BAEF-742D98964D29}
	EndGlobalSection
EndGlobal
